// !$*UTF8*$!
{
	archiveVersion = 1;
	classes = {
	};
	objectVersion = 60;
	objects = {

/* Begin PBXBuildFile section */
		7144A7852B4D3A460024EC07 /* AdventOfCodeStarterPack in Frameworks */ = {isa = PBXBuildFile; productRef = 7144A7842B4D3A460024EC07 /* AdventOfCodeStarterPack */; };
		7159EF582948E918005733DD /* main.swift in Sources */ = {isa = PBXBuildFile; fileRef = 7159EF572948E918005733DD /* main.swift */; };
		7159EF5F2948F489005733DD /* input.txt in CopyFiles */ = {isa = PBXBuildFile; fileRef = 7159EF5E2948F47F005733DD /* input.txt */; };
		7159EF612948F51D005733DD /* input1.txt in CopyFiles */ = {isa = PBXBuildFile; fileRef = 7159EF602948F519005733DD /* input1.txt */; };
		7159EF63294906B5005733DD /* input2.txt in CopyFiles */ = {isa = PBXBuildFile; fileRef = 7159EF6229490679005733DD /* input2.txt */; };
		71D7F1982958D3BB00EAA64E /* input3.txt in CopyFiles */ = {isa = PBXBuildFile; fileRef = 71D7F1972958D39E00EAA64E /* input3.txt */; };
/* End PBXBuildFile section */

/* Begin PBXCopyFilesBuildPhase section */
		7159EF522948E918005733DD /* CopyFiles */ = {
			isa = PBXCopyFilesBuildPhase;
			buildActionMask = 12;
			dstPath = "";
			dstSubfolderSpec = 16;
			files = (
				7159EF5F2948F489005733DD /* input.txt in CopyFiles */,
				7159EF612948F51D005733DD /* input1.txt in CopyFiles */,
				7159EF63294906B5005733DD /* input2.txt in CopyFiles */,
				71D7F1982958D3BB00EAA64E /* input3.txt in CopyFiles */,
			);
			runOnlyForDeploymentPostprocessing = 0;
		};
/* End PBXCopyFilesBuildPhase section */

/* Begin PBXFileReference section */
		7159EF542948E918005733DD /* Day_9 */ = {isa = PBXFileReference; explicitFileType = "compiled.mach-o.executable"; includeInIndex = 0; path = Day_9; sourceTree = BUILT_PRODUCTS_DIR; };
		7159EF572948E918005733DD /* main.swift */ = {isa = PBXFileReference; lastKnownFileType = sourcecode.swift; path = main.swift; sourceTree = "<group>"; };
		7159EF5E2948F47F005733DD /* input.txt */ = {isa = PBXFileReference; lastKnownFileType = text; path = input.txt; sourceTree = "<group>"; };
		7159EF602948F519005733DD /* input1.txt */ = {isa = PBXFileReference; lastKnownFileType = text; path = input1.txt; sourceTree = "<group>"; };
		7159EF6229490679005733DD /* input2.txt */ = {isa = PBXFileReference; lastKnownFileType = text; path = input2.txt; sourceTree = "<group>"; };
		71D7F1972958D39E00EAA64E /* input3.txt */ = {isa = PBXFileReference; lastKnownFileType = text; path = input3.txt; sourceTree = "<group>"; };
/* End PBXFileReference section */

/* Begin PBXFrameworksBuildPhase section */
		7159EF512948E918005733DD /* Frameworks */ = {
			isa = PBXFrameworksBuildPhase;
			buildActionMask = 2147483647;
			files = (
				7144A7852B4D3A460024EC07 /* AdventOfCodeStarterPack in Frameworks */,
			);
			runOnlyForDeploymentPostprocessing = 0;
		};
/* End PBXFrameworksBuildPhase section */

/* Begin PBXGroup section */
		7138B6BF2998439700AF97EB /* Frameworks */ = {
			isa = PBXGroup;
			children = (
			);
			name = Frameworks;
			sourceTree = "<group>";
		};
		7159EF4B2948E918005733DD = {
			isa = PBXGroup;
			children = (
				7159EF562948E918005733DD /* Day_9 */,
				7159EF552948E918005733DD /* Products */,
				7138B6BF2998439700AF97EB /* Frameworks */,
			);
			sourceTree = "<group>";
		};
		7159EF552948E918005733DD /* Products */ = {
			isa = PBXGroup;
			children = (
				7159EF542948E918005733DD /* Day_9 */,
			);
			name = Products;
			sourceTree = "<group>";
		};
		7159EF562948E918005733DD /* Day_9 */ = {
			isa = PBXGroup;
			children = (
				7159EF572948E918005733DD /* main.swift */,
				7159EF5E2948F47F005733DD /* input.txt */,
				7159EF602948F519005733DD /* input1.txt */,
				7159EF6229490679005733DD /* input2.txt */,
				71D7F1972958D39E00EAA64E /* input3.txt */,
			);
			path = Day_9;
			sourceTree = "<group>";
		};
/* End PBXGroup section */

/* Begin PBXNativeTarget section */
		7159EF532948E918005733DD /* Day_9 */ = {
			isa = PBXNativeTarget;
			buildConfigurationList = 7159EF5B2948E918005733DD /* Build configuration list for PBXNativeTarget "Day_9" */;
			buildPhases = (
				7159EF502948E918005733DD /* Sources */,
				7159EF512948E918005733DD /* Frameworks */,
				7159EF522948E918005733DD /* CopyFiles */,
			);
			buildRules = (
			);
			dependencies = (
			);
			name = Day_9;
			packageProductDependencies = (
				7144A7842B4D3A460024EC07 /* AdventOfCodeStarterPack */,
			);
			productName = Day_9;
			productReference = 7159EF542948E918005733DD /* Day_9 */;
			productType = "com.apple.product-type.tool";
		};
/* End PBXNativeTarget section */

/* Begin PBXProject section */
		7159EF4C2948E918005733DD /* Project object */ = {
			isa = PBXProject;
			attributes = {
				BuildIndependentTargetsInParallel = 1;
				LastSwiftUpdateCheck = 1410;
				LastUpgradeCheck = 1420;
				TargetAttributes = {
					7159EF532948E918005733DD = {
						CreatedOnToolsVersion = 14.1;
					};
				};
			};
			buildConfigurationList = 7159EF4F2948E918005733DD /* Build configuration list for PBXProject "Day_9" */;
			compatibilityVersion = "Xcode 14.0";
			developmentRegion = en;
			hasScannedForEncodings = 0;
			knownRegions = (
				en,
				Base,
			);
			mainGroup = 7159EF4B2948E918005733DD;
			packageReferences = (
				7144A7832B4D3A460024EC07 /* XCLocalSwiftPackageReference "../../AdventOfCodeStarterPack" */,
			);
			productRefGroup = 7159EF552948E918005733DD /* Products */;
			projectDirPath = "";
			projectRoot = "";
			targets = (
				7159EF532948E918005733DD /* Day_9 */,
			);
		};
/* End PBXProject section */

/* Begin PBXSourcesBuildPhase section */
		7159EF502948E918005733DD /* Sources */ = {
			isa = PBXSourcesBuildPhase;
			buildActionMask = 2147483647;
			files = (
				7159EF582948E918005733DD /* main.swift in Sources */,
			);
			runOnlyForDeploymentPostprocessing = 0;
		};
/* End PBXSourcesBuildPhase section */

/* Begin XCBuildConfiguration section */
		7159EF592948E918005733DD /* Debug */ = {
			isa = XCBuildConfiguration;
			buildSettings = {
				ALWAYS_SEARCH_USER_PATHS = NO;
				CLANG_ANALYZER_NONNULL = YES;
				CLANG_ANALYZER_NUMBER_OBJECT_CONVERSION = YES_AGGRESSIVE;
				CLANG_CXX_LANGUAGE_STANDARD = "gnu++20";
				CLANG_ENABLE_MODULES = YES;
				CLANG_ENABLE_OBJC_ARC = YES;
				CLANG_ENABLE_OBJC_WEAK = YES;
				CLANG_WARN_BLOCK_CAPTURE_AUTORELEASING = YES;
				CLANG_WARN_BOOL_CONVERSION = YES;
				CLANG_WARN_COMMA = YES;
				CLANG_WARN_CONSTANT_CONVERSION = YES;
				CLANG_WARN_DEPRECATED_OBJC_IMPLEMENTATIONS = YES;
				CLANG_WARN_DIRECT_OBJC_ISA_USAGE = YES_ERROR;
				CLANG_WARN_DOCUMENTATION_COMMENTS = YES;
				CLANG_WARN_EMPTY_BODY = YES;
				CLANG_WARN_ENUM_CONVERSION = YES;
				CLANG_WARN_INFINITE_RECURSION = YES;
				CLANG_WARN_INT_CONVERSION = YES;
				CLANG_WARN_NON_LITERAL_NULL_CONVERSION = YES;
				CLANG_WARN_OBJC_IMPLICIT_RETAIN_SELF = YES;
				CLANG_WARN_OBJC_LITERAL_CONVERSION = YES;
				CLANG_WARN_OBJC_ROOT_CLASS = YES_ERROR;
				CLANG_WARN_QUOTED_INCLUDE_IN_FRAMEWORK_HEADER = YES;
				CLANG_WARN_RANGE_LOOP_ANALYSIS = YES;
				CLANG_WARN_STRICT_PROTOTYPES = YES;
				CLANG_WARN_SUSPICIOUS_MOVE = YES;
				CLANG_WARN_UNGUARDED_AVAILABILITY = YES_AGGRESSIVE;
				CLANG_WARN_UNREACHABLE_CODE = YES;
				CLANG_WARN__DUPLICATE_METHOD_MATCH = YES;
				COPY_PHASE_STRIP = NO;
				DEAD_CODE_STRIPPING = YES;
				DEBUG_INFORMATION_FORMAT = dwarf;
				ENABLE_STRICT_OBJC_MSGSEND = YES;
				ENABLE_TESTABILITY = YES;
				GCC_C_LANGUAGE_STANDARD = gnu11;
				GCC_DYNAMIC_NO_PIC = NO;
				GCC_NO_COMMON_BLOCKS = YES;
				GCC_OPTIMIZATION_LEVEL = 0;
				GCC_PREPROCESSOR_DEFINITIONS = (
					"DEBUG=1",
					"$(inherited)",
				);
				GCC_WARN_64_TO_32_BIT_CONVERSION = YES;
				GCC_WARN_ABOUT_RETURN_TYPE = YES_ERROR;
				GCC_WARN_UNDECLARED_SELECTOR = YES;
				GCC_WARN_UNINITIALIZED_AUTOS = YES_AGGRESSIVE;
				GCC_WARN_UNUSED_FUNCTION = YES;
				GCC_WARN_UNUSED_VARIABLE = YES;
				MACOSX_DEPLOYMENT_TARGET = 13.0;
				MTL_ENABLE_DEBUG_INFO = INCLUDE_SOURCE;
				MTL_FAST_MATH = YES;
				ONLY_ACTIVE_ARCH = YES;
				SDKROOT = macosx;
				SWIFT_ACTIVE_COMPILATION_CONDITIONS = DEBUG;
				SWIFT_OPTIMIZATION_LEVEL = "-Onone";
			};
			name = Debug;
		};
		7159EF5A2948E918005733DD /* Release */ = {
			isa = XCBuildConfiguration;
			buildSettings = {
				ALWAYS_SEARCH_USER_PATHS = NO;
				CLANG_ANALYZER_NONNULL = YES;
				CLANG_ANALYZER_NUMBER_OBJECT_CONVERSION = YES_AGGRESSIVE;
				CLANG_CXX_LANGUAGE_STANDARD = "gnu++20";
				CLANG_ENABLE_MODULES = YES;
				CLANG_ENABLE_OBJC_ARC = YES;
				CLANG_ENABLE_OBJC_WEAK = YES;
				CLANG_WARN_BLOCK_CAPTURE_AUTORELEASING = YES;
				CLANG_WARN_BOOL_CONVERSION = YES;
				CLANG_WARN_COMMA = YES;
				CLANG_WARN_CONSTANT_CONVERSION = YES;
				CLANG_WARN_DEPRECATED_OBJC_IMPLEMENTATIONS = YES;
				CLANG_WARN_DIRECT_OBJC_ISA_USAGE = YES_ERROR;
				CLANG_WARN_DOCUMENTATION_COMMENTS = YES;
				CLANG_WARN_EMPTY_BODY = YES;
				CLANG_WARN_ENUM_CONVERSION = YES;
				CLANG_WARN_INFINITE_RECURSION = YES;
				CLANG_WARN_INT_CONVERSION = YES;
				CLANG_WARN_NON_LITERAL_NULL_CONVERSION = YES;
				CLANG_WARN_OBJC_IMPLICIT_RETAIN_SELF = YES;
				CLANG_WARN_OBJC_LITERAL_CONVERSION = YES;
				CLANG_WARN_OBJC_ROOT_CLASS = YES_ERROR;
				CLANG_WARN_QUOTED_INCLUDE_IN_FRAMEWORK_HEADER = YES;
				CLANG_WARN_RANGE_LOOP_ANALYSIS = YES;
				CLANG_WARN_STRICT_PROTOTYPES = YES;
				CLANG_WARN_SUSPICIOUS_MOVE = YES;
				CLANG_WARN_UNGUARDED_AVAILABILITY = YES_AGGRESSIVE;
				CLANG_WARN_UNREACHABLE_CODE = YES;
				CLANG_WARN__DUPLICATE_METHOD_MATCH = YES;
				COPY_PHASE_STRIP = NO;
				DEAD_CODE_STRIPPING = YES;
				DEBUG_INFORMATION_FORMAT = "dwarf-with-dsym";
				ENABLE_NS_ASSERTIONS = NO;
				ENABLE_STRICT_OBJC_MSGSEND = YES;
				GCC_C_LANGUAGE_STANDARD = gnu11;
				GCC_NO_COMMON_BLOCKS = YES;
				GCC_WARN_64_TO_32_BIT_CONVERSION = YES;
				GCC_WARN_ABOUT_RETURN_TYPE = YES_ERROR;
				GCC_WARN_UNDECLARED_SELECTOR = YES;
				GCC_WARN_UNINITIALIZED_AUTOS = YES_AGGRESSIVE;
				GCC_WARN_UNUSED_FUNCTION = YES;
				GCC_WARN_UNUSED_VARIABLE = YES;
				MACOSX_DEPLOYMENT_TARGET = 13.0;
				MTL_ENABLE_DEBUG_INFO = NO;
				MTL_FAST_MATH = YES;
				SDKROOT = macosx;
				SWIFT_COMPILATION_MODE = wholemodule;
				SWIFT_OPTIMIZATION_LEVEL = "-O";
			};
			name = Release;
		};
		7159EF5C2948E918005733DD /* Debug */ = {
			isa = XCBuildConfiguration;
			buildSettings = {
				CODE_SIGN_IDENTITY = "-";
				CODE_SIGN_STYLE = Automatic;
				DEAD_CODE_STRIPPING = YES;
				DEVELOPMENT_TEAM = TJ7S2CSZQ6;
				ENABLE_HARDENED_RUNTIME = YES;
				PRODUCT_NAME = "$(TARGET_NAME)";
				SWIFT_VERSION = 5.0;
			};
			name = Debug;
		};
		7159EF5D2948E918005733DD /* Release */ = {
			isa = XCBuildConfiguration;
			buildSettings = {
				CODE_SIGN_IDENTITY = "-";
				CODE_SIGN_STYLE = Automatic;
				DEAD_CODE_STRIPPING = YES;
				DEVELOPMENT_TEAM = TJ7S2CSZQ6;
				ENABLE_HARDENED_RUNTIME = YES;
				PRODUCT_NAME = "$(TARGET_NAME)";
				SWIFT_VERSION = 5.0;
			};
			name = Release;
		};
/* End XCBuildConfiguration section */

/* Begin XCConfigurationList section */
		7159EF4F2948E918005733DD /* Build configuration list for PBXProject "Day_9" */ = {
			isa = XCConfigurationList;
			buildConfigurations = (
				7159EF592948E918005733DD /* Debug */,
				7159EF5A2948E918005733DD /* Release */,
			);
			defaultConfigurationIsVisible = 0;
			defaultConfigurationName = Release;
		};
		7159EF5B2948E918005733DD /* Build configuration list for PBXNativeTarget "Day_9" */ = {
			isa = XCConfigurationList;
			buildConfigurations = (
				7159EF5C2948E918005733DD /* Debug */,
				7159EF5D2948E918005733DD /* Release */,
			);
			defaultConfigurationIsVisible = 0;
			defaultConfigurationName = Release;
		};
/* End XCConfigurationList section */

/* Begin XCLocalSwiftPackageReference section */
		7144A7832B4D3A460024EC07 /* XCLocalSwiftPackageReference "../../AdventOfCodeStarterPack" */ = {
			isa = XCLocalSwiftPackageReference;
			relativePath = ../../AdventOfCodeStarterPack;
		};
/* End XCLocalSwiftPackageReference section */

/* Begin XCSwiftPackageProductDependency section */
		7144A7842B4D3A460024EC07 /* AdventOfCodeStarterPack */ = {
			isa = XCSwiftPackageProductDependency;
			productName = AdventOfCodeStarterPack;
		};
/* End XCSwiftPackageProductDependency section */
	};
	rootObject = 7159EF4C2948E918005733DD /* Project object */;
}
