// !$*UTF8*$!
{
	archiveVersion = 1;
	classes = {
	};
	objectVersion = 60;
	objects = {

/* Begin PBXBuildFile section */
		7144A77C2B496D040024EC07 /* AdventOfCodeStarterPack in Frameworks */ = {isa = PBXBuildFile; productRef = 7144A77B2B496D040024EC07 /* AdventOfCodeStarterPack */; };
		719B9A3E29561D0900BFACB4 /* main.swift in Sources */ = {isa = PBXBuildFile; fileRef = 719B9A3D29561D0900BFACB4 /* main.swift */; };
		719B9A4629561DC600BFACB4 /* input.txt in CopyFiles */ = {isa = PBXBuildFile; fileRef = 719B9A4429561D5A00BFACB4 /* input.txt */; };
		719B9A4729561DC800BFACB4 /* input1.txt in CopyFiles */ = {isa = PBXBuildFile; fileRef = 719B9A4529561D6F00BFACB4 /* input1.txt */; };
		719B9A4A2956456B00BFACB4 /* input2.txt in CopyFiles */ = {isa = PBXBuildFile; fileRef = 719B9A492956456100BFACB4 /* input2.txt */; };
		71D7F1822958C97A00EAA64E /* input3.txt in CopyFiles */ = {isa = PBXBuildFile; fileRef = 71D7F1812958C96800EAA64E /* input3.txt */; };
/* End PBXBuildFile section */

/* Begin PBXCopyFilesBuildPhase section */
		719B9A3829561D0900BFACB4 /* CopyFiles */ = {
			isa = PBXCopyFilesBuildPhase;
			buildActionMask = 12;
			dstPath = "";
			dstSubfolderSpec = 16;
			files = (
				719B9A4629561DC600BFACB4 /* input.txt in CopyFiles */,
				719B9A4729561DC800BFACB4 /* input1.txt in CopyFiles */,
				719B9A4A2956456B00BFACB4 /* input2.txt in CopyFiles */,
				71D7F1822958C97A00EAA64E /* input3.txt in CopyFiles */,
			);
			runOnlyForDeploymentPostprocessing = 0;
		};
/* End PBXCopyFilesBuildPhase section */

/* Begin PBXFileReference section */
		719B9A3A29561D0900BFACB4 /* Day_23 */ = {isa = PBXFileReference; explicitFileType = "compiled.mach-o.executable"; includeInIndex = 0; path = Day_23; sourceTree = BUILT_PRODUCTS_DIR; };
		719B9A3D29561D0900BFACB4 /* main.swift */ = {isa = PBXFileReference; lastKnownFileType = sourcecode.swift; path = main.swift; sourceTree = "<group>"; };
		719B9A4429561D5A00BFACB4 /* input.txt */ = {isa = PBXFileReference; lastKnownFileType = text; path = input.txt; sourceTree = "<group>"; };
		719B9A4529561D6F00BFACB4 /* input1.txt */ = {isa = PBXFileReference; lastKnownFileType = text; path = input1.txt; sourceTree = "<group>"; };
		719B9A492956456100BFACB4 /* input2.txt */ = {isa = PBXFileReference; lastKnownFileType = text; path = input2.txt; sourceTree = "<group>"; };
		71D7F1812958C96800EAA64E /* input3.txt */ = {isa = PBXFileReference; lastKnownFileType = text; path = input3.txt; sourceTree = "<group>"; };
/* End PBXFileReference section */

/* Begin PBXFrameworksBuildPhase section */
		719B9A3729561D0900BFACB4 /* Frameworks */ = {
			isa = PBXFrameworksBuildPhase;
			buildActionMask = 2147483647;
			files = (
				7144A77C2B496D040024EC07 /* AdventOfCodeStarterPack in Frameworks */,
			);
			runOnlyForDeploymentPostprocessing = 0;
		};
/* End PBXFrameworksBuildPhase section */

/* Begin PBXGroup section */
		719B9A3129561D0900BFACB4 = {
			isa = PBXGroup;
			children = (
				719B9A3C29561D0900BFACB4 /* Day_23 */,
				719B9A3B29561D0900BFACB4 /* Products */,
			);
			sourceTree = "<group>";
		};
		719B9A3B29561D0900BFACB4 /* Products */ = {
			isa = PBXGroup;
			children = (
				719B9A3A29561D0900BFACB4 /* Day_23 */,
			);
			name = Products;
			sourceTree = "<group>";
		};
		719B9A3C29561D0900BFACB4 /* Day_23 */ = {
			isa = PBXGroup;
			children = (
				719B9A3D29561D0900BFACB4 /* main.swift */,
				719B9A4429561D5A00BFACB4 /* input.txt */,
				719B9A4529561D6F00BFACB4 /* input1.txt */,
				719B9A492956456100BFACB4 /* input2.txt */,
				71D7F1812958C96800EAA64E /* input3.txt */,
			);
			path = Day_23;
			sourceTree = "<group>";
		};
/* End PBXGroup section */

/* Begin PBXNativeTarget section */
		719B9A3929561D0900BFACB4 /* Day_23 */ = {
			isa = PBXNativeTarget;
			buildConfigurationList = 719B9A4129561D0900BFACB4 /* Build configuration list for PBXNativeTarget "Day_23" */;
			buildPhases = (
				719B9A3629561D0900BFACB4 /* Sources */,
				719B9A3729561D0900BFACB4 /* Frameworks */,
				719B9A3829561D0900BFACB4 /* CopyFiles */,
			);
			buildRules = (
			);
			dependencies = (
			);
			name = Day_23;
			packageProductDependencies = (
				7144A77B2B496D040024EC07 /* AdventOfCodeStarterPack */,
			);
			productName = Day_23;
			productReference = 719B9A3A29561D0900BFACB4 /* Day_23 */;
			productType = "com.apple.product-type.tool";
		};
/* End PBXNativeTarget section */

/* Begin PBXProject section */
		719B9A3229561D0900BFACB4 /* Project object */ = {
			isa = PBXProject;
			attributes = {
				BuildIndependentTargetsInParallel = 1;
				LastSwiftUpdateCheck = 1420;
				LastUpgradeCheck = 1510;
				TargetAttributes = {
					719B9A3929561D0900BFACB4 = {
						CreatedOnToolsVersion = 14.2;
					};
				};
			};
			buildConfigurationList = 719B9A3529561D0900BFACB4 /* Build configuration list for PBXProject "Day_23" */;
			compatibilityVersion = "Xcode 14.0";
			developmentRegion = en;
			hasScannedForEncodings = 0;
			knownRegions = (
				en,
				Base,
			);
			mainGroup = 719B9A3129561D0900BFACB4;
			packageReferences = (
				7144A77A2B496D040024EC07 /* XCLocalSwiftPackageReference "../../AdventOfCodeStarterPack" */,
			);
			productRefGroup = 719B9A3B29561D0900BFACB4 /* Products */;
			projectDirPath = "";
			projectRoot = "";
			targets = (
				719B9A3929561D0900BFACB4 /* Day_23 */,
			);
		};
/* End PBXProject section */

/* Begin PBXSourcesBuildPhase section */
		719B9A3629561D0900BFACB4 /* Sources */ = {
			isa = PBXSourcesBuildPhase;
			buildActionMask = 2147483647;
			files = (
				719B9A3E29561D0900BFACB4 /* main.swift in Sources */,
			);
			runOnlyForDeploymentPostprocessing = 0;
		};
/* End PBXSourcesBuildPhase section */

/* Begin XCBuildConfiguration section */
		719B9A3F29561D0900BFACB4 /* Debug */ = {
			isa = XCBuildConfiguration;
			buildSettings = {
				ALWAYS_SEARCH_USER_PATHS = NO;
				CLANG_ANALYZER_NONNULL = YES;
				CLANG_ANALYZER_NUMBER_OBJECT_CONVERSION = YES_AGGRESSIVE;
				CLANG_CXX_LANGUAGE_STANDARD = "gnu++20";
				CLANG_ENABLE_MODULES = YES;
				CLANG_ENABLE_OBJC_ARC = YES;
				CLANG_ENABLE_OBJC_WEAK = YES;
				CLANG_WARN_BLOCK_CAPTURE_AUTORELEASING = YES;
				CLANG_WARN_BOOL_CONVERSION = YES;
				CLANG_WARN_COMMA = YES;
				CLANG_WARN_CONSTANT_CONVERSION = YES;
				CLANG_WARN_DEPRECATED_OBJC_IMPLEMENTATIONS = YES;
				CLANG_WARN_DIRECT_OBJC_ISA_USAGE = YES_ERROR;
				CLANG_WARN_DOCUMENTATION_COMMENTS = YES;
				CLANG_WARN_EMPTY_BODY = YES;
				CLANG_WARN_ENUM_CONVERSION = YES;
				CLANG_WARN_INFINITE_RECURSION = YES;
				CLANG_WARN_INT_CONVERSION = YES;
				CLANG_WARN_NON_LITERAL_NULL_CONVERSION = YES;
				CLANG_WARN_OBJC_IMPLICIT_RETAIN_SELF = YES;
				CLANG_WARN_OBJC_LITERAL_CONVERSION = YES;
				CLANG_WARN_OBJC_ROOT_CLASS = YES_ERROR;
				CLANG_WARN_QUOTED_INCLUDE_IN_FRAMEWORK_HEADER = YES;
				CLANG_WARN_RANGE_LOOP_ANALYSIS = YES;
				CLANG_WARN_STRICT_PROTOTYPES = YES;
				CLANG_WARN_SUSPICIOUS_MOVE = YES;
				CLANG_WARN_UNGUARDED_AVAILABILITY = YES_AGGRESSIVE;
				CLANG_WARN_UNREACHABLE_CODE = YES;
				CLANG_WARN__DUPLICATE_METHOD_MATCH = YES;
				COPY_PHASE_STRIP = NO;
				DEAD_CODE_STRIPPING = YES;
				DEBUG_INFORMATION_FORMAT = dwarf;
				ENABLE_STRICT_OBJC_MSGSEND = YES;
				ENABLE_TESTABILITY = YES;
				ENABLE_USER_SCRIPT_SANDBOXING = YES;
				GCC_C_LANGUAGE_STANDARD = gnu11;
				GCC_DYNAMIC_NO_PIC = NO;
				GCC_NO_COMMON_BLOCKS = YES;
				GCC_OPTIMIZATION_LEVEL = 0;
				GCC_PREPROCESSOR_DEFINITIONS = (
					"DEBUG=1",
					"$(inherited)",
				);
				GCC_WARN_64_TO_32_BIT_CONVERSION = YES;
				GCC_WARN_ABOUT_RETURN_TYPE = YES_ERROR;
				GCC_WARN_UNDECLARED_SELECTOR = YES;
				GCC_WARN_UNINITIALIZED_AUTOS = YES_AGGRESSIVE;
				GCC_WARN_UNUSED_FUNCTION = YES;
				GCC_WARN_UNUSED_VARIABLE = YES;
				MACOSX_DEPLOYMENT_TARGET = 13.0;
				MTL_ENABLE_DEBUG_INFO = INCLUDE_SOURCE;
				MTL_FAST_MATH = YES;
				ONLY_ACTIVE_ARCH = YES;
				SDKROOT = macosx;
				SWIFT_ACTIVE_COMPILATION_CONDITIONS = DEBUG;
				SWIFT_OPTIMIZATION_LEVEL = "-O";
			};
			name = Debug;
		};
		719B9A4029561D0900BFACB4 /* Release */ = {
			isa = XCBuildConfiguration;
			buildSettings = {
				ALWAYS_SEARCH_USER_PATHS = NO;
				CLANG_ANALYZER_NONNULL = YES;
				CLANG_ANALYZER_NUMBER_OBJECT_CONVERSION = YES_AGGRESSIVE;
				CLANG_CXX_LANGUAGE_STANDARD = "gnu++20";
				CLANG_ENABLE_MODULES = YES;
				CLANG_ENABLE_OBJC_ARC = YES;
				CLANG_ENABLE_OBJC_WEAK = YES;
				CLANG_WARN_BLOCK_CAPTURE_AUTORELEASING = YES;
				CLANG_WARN_BOOL_CONVERSION = YES;
				CLANG_WARN_COMMA = YES;
				CLANG_WARN_CONSTANT_CONVERSION = YES;
				CLANG_WARN_DEPRECATED_OBJC_IMPLEMENTATIONS = YES;
				CLANG_WARN_DIRECT_OBJC_ISA_USAGE = YES_ERROR;
				CLANG_WARN_DOCUMENTATION_COMMENTS = YES;
				CLANG_WARN_EMPTY_BODY = YES;
				CLANG_WARN_ENUM_CONVERSION = YES;
				CLANG_WARN_INFINITE_RECURSION = YES;
				CLANG_WARN_INT_CONVERSION = YES;
				CLANG_WARN_NON_LITERAL_NULL_CONVERSION = YES;
				CLANG_WARN_OBJC_IMPLICIT_RETAIN_SELF = YES;
				CLANG_WARN_OBJC_LITERAL_CONVERSION = YES;
				CLANG_WARN_OBJC_ROOT_CLASS = YES_ERROR;
				CLANG_WARN_QUOTED_INCLUDE_IN_FRAMEWORK_HEADER = YES;
				CLANG_WARN_RANGE_LOOP_ANALYSIS = YES;
				CLANG_WARN_STRICT_PROTOTYPES = YES;
				CLANG_WARN_SUSPICIOUS_MOVE = YES;
				CLANG_WARN_UNGUARDED_AVAILABILITY = YES_AGGRESSIVE;
				CLANG_WARN_UNREACHABLE_CODE = YES;
				CLANG_WARN__DUPLICATE_METHOD_MATCH = YES;
				COPY_PHASE_STRIP = NO;
				DEAD_CODE_STRIPPING = YES;
				DEBUG_INFORMATION_FORMAT = "dwarf-with-dsym";
				ENABLE_NS_ASSERTIONS = NO;
				ENABLE_STRICT_OBJC_MSGSEND = YES;
				ENABLE_USER_SCRIPT_SANDBOXING = YES;
				GCC_C_LANGUAGE_STANDARD = gnu11;
				GCC_NO_COMMON_BLOCKS = YES;
				GCC_WARN_64_TO_32_BIT_CONVERSION = YES;
				GCC_WARN_ABOUT_RETURN_TYPE = YES_ERROR;
				GCC_WARN_UNDECLARED_SELECTOR = YES;
				GCC_WARN_UNINITIALIZED_AUTOS = YES_AGGRESSIVE;
				GCC_WARN_UNUSED_FUNCTION = YES;
				GCC_WARN_UNUSED_VARIABLE = YES;
				MACOSX_DEPLOYMENT_TARGET = 13.0;
				MTL_ENABLE_DEBUG_INFO = NO;
				MTL_FAST_MATH = YES;
				SDKROOT = macosx;
				SWIFT_COMPILATION_MODE = wholemodule;
				SWIFT_OPTIMIZATION_LEVEL = "-O";
			};
			name = Release;
		};
		719B9A4229561D0900BFACB4 /* Debug */ = {
			isa = XCBuildConfiguration;
			buildSettings = {
				CODE_SIGN_STYLE = Automatic;
				DEAD_CODE_STRIPPING = YES;
				DEVELOPMENT_TEAM = TJ7S2CSZQ6;
				ENABLE_HARDENED_RUNTIME = YES;
				PRODUCT_NAME = "$(TARGET_NAME)";
				SWIFT_VERSION = 5.0;
			};
			name = Debug;
		};
		719B9A4329561D0900BFACB4 /* Release */ = {
			isa = XCBuildConfiguration;
			buildSettings = {
				CODE_SIGN_STYLE = Automatic;
				DEAD_CODE_STRIPPING = YES;
				DEVELOPMENT_TEAM = TJ7S2CSZQ6;
				ENABLE_HARDENED_RUNTIME = YES;
				PRODUCT_NAME = "$(TARGET_NAME)";
				SWIFT_VERSION = 5.0;
			};
			name = Release;
		};
/* End XCBuildConfiguration section */

/* Begin XCConfigurationList section */
		719B9A3529561D0900BFACB4 /* Build configuration list for PBXProject "Day_23" */ = {
			isa = XCConfigurationList;
			buildConfigurations = (
				719B9A3F29561D0900BFACB4 /* Debug */,
				719B9A4029561D0900BFACB4 /* Release */,
			);
			defaultConfigurationIsVisible = 0;
			defaultConfigurationName = Release;
		};
		719B9A4129561D0900BFACB4 /* Build configuration list for PBXNativeTarget "Day_23" */ = {
			isa = XCConfigurationList;
			buildConfigurations = (
				719B9A4229561D0900BFACB4 /* Debug */,
				719B9A4329561D0900BFACB4 /* Release */,
			);
			defaultConfigurationIsVisible = 0;
			defaultConfigurationName = Release;
		};
/* End XCConfigurationList section */

/* Begin XCLocalSwiftPackageReference section */
		7144A77A2B496D040024EC07 /* XCLocalSwiftPackageReference "../../AdventOfCodeStarterPack" */ = {
			isa = XCLocalSwiftPackageReference;
			relativePath = ../../AdventOfCodeStarterPack;
		};
/* End XCLocalSwiftPackageReference section */

/* Begin XCSwiftPackageProductDependency section */
		7144A77B2B496D040024EC07 /* AdventOfCodeStarterPack */ = {
			isa = XCSwiftPackageProductDependency;
			productName = AdventOfCodeStarterPack;
		};
/* End XCSwiftPackageProductDependency section */
	};
	rootObject = 719B9A3229561D0900BFACB4 /* Project object */;
}
